
Microsoft Visual Studio Solution File, Format Version 12.00
# Visual Studio Version 16
VisualStudioVersion = 16.0.30413.136
MinimumVisualStudioVersion = 10.0.40219.1
Project("{8BC9CEB8-8B4A-11D0-8D11-00A0C91BC942}") = "Lab04_Text_Mode_Game01", "Lab04_Text_Mode_Game01\Lab04_Text_Mode_Game01.vcxproj", "{4654F165-0BFA-4AC8-BD35-DC2402A0D1B1}"
EndProject
Global
	GlobalSection(SolutionConfigurationPlatforms) = preSolution
		Debug|x64 = Debug|x64
		Debug|x86 = Debug|x86
		Release|x64 = Release|x64
		Release|x86 = Release|x86
	EndGlobalSection
	GlobalSection(ProjectConfigurationPlatforms) = postSolution
		{4654F165-0BFA-4AC8-BD35-DC2402A0D1B1}.Debug|x64.ActiveCfg = Debug|x64
		{4654F165-0BFA-4AC8-BD35-DC2402A0D1B1}.Debug|x64.Build.0 = Debug|x64
		{4654F165-0BFA-4AC8-BD35-DC2402A0D1B1}.Debug|x86.ActiveCfg = Debug|Win32
		{4654F165-0BFA-4AC8-BD35-DC2402A0D1B1}.Debug|x86.Build.0 = Debug|Win32
		{4654F165-0BFA-4AC8-BD35-DC2402A0D1B1}.Release|x64.ActiveCfg = Release|x64
		{4654F165-0BFA-4AC8-BD35-DC2402A0D1B1}.Release|x64.Build.0 = Release|x64
		{4654F165-0BFA-4AC8-BD35-DC2402A0D1B1}.Release|x86.ActiveCfg = Release|Win32
		{4654F165-0BFA-4AC8-BD35-DC2402A0D1B1}.Release|x86.Build.0 = Release|Win32
	EndGlobalSection
	GlobalSection(SolutionProperties) = preSolution
		HideSolutionNode = FALSE
	EndGlobalSection
	GlobalSection(ExtensibilityGlobals) = postSolution
		SolutionGuid = {9F03DA13-2F3B-47B2-B398-2AFA3DE4E912}
	EndGlobalSection
EndGlobal
